// !$*UTF8*$!
{
	archiveVersion = 1;
	classes = {
	};
	objectVersion = 50;
	objects = {

/* Begin PBXBuildFile section */
		0D93FC6627087D57009C56AC /* AppDelegate.swift in Sources */ = {isa = PBXBuildFile; fileRef = 0D93FC6527087D57009C56AC /* AppDelegate.swift */; };
		0D93FC6827087D57009C56AC /* SceneDelegate.swift in Sources */ = {isa = PBXBuildFile; fileRef = 0D93FC6727087D57009C56AC /* SceneDelegate.swift */; };
		0D93FC6A27087D57009C56AC /* ViewController.swift in Sources */ = {isa = PBXBuildFile; fileRef = 0D93FC6927087D57009C56AC /* ViewController.swift */; };
		0D93FC6D27087D57009C56AC /* Main.storyboard in Resources */ = {isa = PBXBuildFile; fileRef = 0D93FC6B27087D57009C56AC /* Main.storyboard */; };
		0D93FC6F27087D5F009C56AC /* Assets.xcassets in Resources */ = {isa = PBXBuildFile; fileRef = 0D93FC6E27087D5F009C56AC /* Assets.xcassets */; };
		0D93FC7227087D5F009C56AC /* LaunchScreen.storyboard in Resources */ = {isa = PBXBuildFile; fileRef = 0D93FC7027087D5F009C56AC /* LaunchScreen.storyboard */; };
		0D93FC7D27087D60009C56AC /* DefineLabsTests.swift in Sources */ = {isa = PBXBuildFile; fileRef = 0D93FC7C27087D60009C56AC /* DefineLabsTests.swift */; };
		0D93FC8827087D60009C56AC /* DefineLabsUITests.swift in Sources */ = {isa = PBXBuildFile; fileRef = 0D93FC8727087D60009C56AC /* DefineLabsUITests.swift */; };
/* End PBXBuildFile section */

/* Begin PBXContainerItemProxy section */
		0D93FC7927087D60009C56AC /* PBXContainerItemProxy */ = {
			isa = PBXContainerItemProxy;
			containerPortal = 0D93FC5A27087D57009C56AC /* Project object */;
			proxyType = 1;
			remoteGlobalIDString = 0D93FC6127087D57009C56AC;
			remoteInfo = DefineLabs;
		};
		0D93FC8427087D60009C56AC /* PBXContainerItemProxy */ = {
			isa = PBXContainerItemProxy;
			containerPortal = 0D93FC5A27087D57009C56AC /* Project object */;
			proxyType = 1;
			remoteGlobalIDString = 0D93FC6127087D57009C56AC;
			remoteInfo = DefineLabs;
		};
/* End PBXContainerItemProxy section */

/* Begin PBXFileReference section */
		0D93FC6227087D57009C56AC /* DefineLabs.app */ = {isa = PBXFileReference; explicitFileType = wrapper.application; includeInIndex = 0; path = DefineLabs.app; sourceTree = BUILT_PRODUCTS_DIR; };
		0D93FC6527087D57009C56AC /* AppDelegate.swift */ = {isa = PBXFileReference; lastKnownFileType = sourcecode.swift; path = AppDelegate.swift; sourceTree = "<group>"; };
		0D93FC6727087D57009C56AC /* SceneDelegate.swift */ = {isa = PBXFileReference; lastKnownFileType = sourcecode.swift; path = SceneDelegate.swift; sourceTree = "<group>"; };
		0D93FC6927087D57009C56AC /* ViewController.swift */ = {isa = PBXFileReference; lastKnownFileType = sourcecode.swift; path = ViewController.swift; sourceTree = "<group>"; };
		0D93FC6C27087D57009C56AC /* Base */ = {isa = PBXFileReference; lastKnownFileType = file.storyboard; name = Base; path = Base.lproj/Main.storyboard; sourceTree = "<group>"; };
		0D93FC6E27087D5F009C56AC /* Assets.xcassets */ = {isa = PBXFileReference; lastKnownFileType = folder.assetcatalog; path = Assets.xcassets; sourceTree = "<group>"; };
		0D93FC7127087D5F009C56AC /* Base */ = {isa = PBXFileReference; lastKnownFileType = file.storyboard; name = Base; path = Base.lproj/LaunchScreen.storyboard; sourceTree = "<group>"; };
		0D93FC7327087D5F009C56AC /* Info.plist */ = {isa = PBXFileReference; lastKnownFileType = text.plist.xml; path = Info.plist; sourceTree = "<group>"; };
		0D93FC7827087D60009C56AC /* DefineLabsTests.xctest */ = {isa = PBXFileReference; explicitFileType = wrapper.cfbundle; includeInIndex = 0; path = DefineLabsTests.xctest; sourceTree = BUILT_PRODUCTS_DIR; };
		0D93FC7C27087D60009C56AC /* DefineLabsTests.swift */ = {isa = PBXFileReference; lastKnownFileType = sourcecode.swift; path = DefineLabsTests.swift; sourceTree = "<group>"; };
		0D93FC7E27087D60009C56AC /* Info.plist */ = {isa = PBXFileReference; lastKnownFileType = text.plist.xml; path = Info.plist; sourceTree = "<group>"; };
		0D93FC8327087D60009C56AC /* DefineLabsUITests.xctest */ = {isa = PBXFileReference; explicitFileType = wrapper.cfbundle; includeInIndex = 0; path = DefineLabsUITests.xctest; sourceTree = BUILT_PRODUCTS_DIR; };
		0D93FC8727087D60009C56AC /* DefineLabsUITests.swift */ = {isa = PBXFileReference; lastKnownFileType = sourcecode.swift; path = DefineLabsUITests.swift; sourceTree = "<group>"; };
		0D93FC8927087D60009C56AC /* Info.plist */ = {isa = PBXFileReference; lastKnownFileType = text.plist.xml; path = Info.plist; sourceTree = "<group>"; };
/* End PBXFileReference section */

/* Begin PBXFrameworksBuildPhase section */
		0D93FC5F27087D57009C56AC /* Frameworks */ = {
			isa = PBXFrameworksBuildPhase;
			buildActionMask = 2147483647;
			files = (
			);
			runOnlyForDeploymentPostprocessing = 0;
		};
		0D93FC7527087D60009C56AC /* Frameworks */ = {
			isa = PBXFrameworksBuildPhase;
			buildActionMask = 2147483647;
			files = (
			);
			runOnlyForDeploymentPostprocessing = 0;
		};
		0D93FC8027087D60009C56AC /* Frameworks */ = {
			isa = PBXFrameworksBuildPhase;
			buildActionMask = 2147483647;
			files = (
			);
			runOnlyForDeploymentPostprocessing = 0;
		};
/* End PBXFrameworksBuildPhase section */

/* Begin PBXGroup section */
		0D93FC5927087D57009C56AC = {
			isa = PBXGroup;
			children = (
				0D93FC6427087D57009C56AC /* DefineLabs */,
				0D93FC7B27087D60009C56AC /* DefineLabsTests */,
				0D93FC8627087D60009C56AC /* DefineLabsUITests */,
				0D93FC6327087D57009C56AC /* Products */,
			);
			sourceTree = "<group>";
		};
		0D93FC6327087D57009C56AC /* Products */ = {
			isa = PBXGroup;
			children = (
				0D93FC6227087D57009C56AC /* DefineLabs.app */,
				0D93FC7827087D60009C56AC /* DefineLabsTests.xctest */,
				0D93FC8327087D60009C56AC /* DefineLabsUITests.xctest */,
			);
			name = Products;
			sourceTree = "<group>";
		};
		0D93FC6427087D57009C56AC /* DefineLabs */ = {
			isa = PBXGroup;
			children = (
				0D93FC6527087D57009C56AC /* AppDelegate.swift */,
				0D93FC6727087D57009C56AC /* SceneDelegate.swift */,
				0D93FC6927087D57009C56AC /* ViewController.swift */,
				0D93FC6B27087D57009C56AC /* Main.storyboard */,
				0D93FC6E27087D5F009C56AC /* Assets.xcassets */,
				0D93FC7027087D5F009C56AC /* LaunchScreen.storyboard */,
				0D93FC7327087D5F009C56AC /* Info.plist */,
			);
			path = DefineLabs;
			sourceTree = "<group>";
		};
		0D93FC7B27087D60009C56AC /* DefineLabsTests */ = {
			isa = PBXGroup;
			children = (
				0D93FC7C27087D60009C56AC /* DefineLabsTests.swift */,
				0D93FC7E27087D60009C56AC /* Info.plist */,
			);
			path = DefineLabsTests;
			sourceTree = "<group>";
		};
		0D93FC8627087D60009C56AC /* DefineLabsUITests */ = {
			isa = PBXGroup;
			children = (
				0D93FC8727087D60009C56AC /* DefineLabsUITests.swift */,
				0D93FC8927087D60009C56AC /* Info.plist */,
			);
			path = DefineLabsUITests;
			sourceTree = "<group>";
		};
/* End PBXGroup section */

/* Begin PBXNativeTarget section */
		0D93FC6127087D57009C56AC /* DefineLabs */ = {
			isa = PBXNativeTarget;
			buildConfigurationList = 0D93FC8C27087D60009C56AC /* Build configuration list for PBXNativeTarget "DefineLabs" */;
			buildPhases = (
				0D93FC5E27087D57009C56AC /* Sources */,
				0D93FC5F27087D57009C56AC /* Frameworks */,
				0D93FC6027087D57009C56AC /* Resources */,
			);
			buildRules = (
			);
			dependencies = (
			);
			name = DefineLabs;
			productName = DefineLabs;
			productReference = 0D93FC6227087D57009C56AC /* DefineLabs.app */;
			productType = "com.apple.product-type.application";
		};
		0D93FC7727087D60009C56AC /* DefineLabsTests */ = {
			isa = PBXNativeTarget;
			buildConfigurationList = 0D93FC8F27087D60009C56AC /* Build configuration list for PBXNativeTarget "DefineLabsTests" */;
			buildPhases = (
				0D93FC7427087D60009C56AC /* Sources */,
				0D93FC7527087D60009C56AC /* Frameworks */,
				0D93FC7627087D60009C56AC /* Resources */,
			);
			buildRules = (
			);
			dependencies = (
				0D93FC7A27087D60009C56AC /* PBXTargetDependency */,
			);
			name = DefineLabsTests;
			productName = DefineLabsTests;
			productReference = 0D93FC7827087D60009C56AC /* DefineLabsTests.xctest */;
			productType = "com.apple.product-type.bundle.unit-test";
		};
		0D93FC8227087D60009C56AC /* DefineLabsUITests */ = {
			isa = PBXNativeTarget;
			buildConfigurationList = 0D93FC9227087D60009C56AC /* Build configuration list for PBXNativeTarget "DefineLabsUITests" */;
			buildPhases = (
				0D93FC7F27087D60009C56AC /* Sources */,
				0D93FC8027087D60009C56AC /* Frameworks */,
				0D93FC8127087D60009C56AC /* Resources */,
			);
			buildRules = (
			);
			dependencies = (
				0D93FC8527087D60009C56AC /* PBXTargetDependency */,
			);
			name = DefineLabsUITests;
			productName = DefineLabsUITests;
			productReference = 0D93FC8327087D60009C56AC /* DefineLabsUITests.xctest */;
			productType = "com.apple.product-type.bundle.ui-testing";
		};
/* End PBXNativeTarget section */

/* Begin PBXProject section */
		0D93FC5A27087D57009C56AC /* Project object */ = {
			isa = PBXProject;
			attributes = {
				LastSwiftUpdateCheck = 1250;
				LastUpgradeCheck = 1250;
				TargetAttributes = {
					0D93FC6127087D57009C56AC = {
						CreatedOnToolsVersion = 12.5.1;
					};
					0D93FC7727087D60009C56AC = {
						CreatedOnToolsVersion = 12.5.1;
						TestTargetID = 0D93FC6127087D57009C56AC;
					};
					0D93FC8227087D60009C56AC = {
						CreatedOnToolsVersion = 12.5.1;
						TestTargetID = 0D93FC6127087D57009C56AC;
					};
				};
			};
			buildConfigurationList = 0D93FC5D27087D57009C56AC /* Build configuration list for PBXProject "DefineLabs" */;
			compatibilityVersion = "Xcode 9.3";
			developmentRegion = en;
			hasScannedForEncodings = 0;
			knownRegions = (
				en,
				Base,
			);
			mainGroup = 0D93FC5927087D57009C56AC;
			productRefGroup = 0D93FC6327087D57009C56AC /* Products */;
			projectDirPath = "";
			projectRoot = "";
			targets = (
				0D93FC6127087D57009C56AC /* DefineLabs */,
				0D93FC7727087D60009C56AC /* DefineLabsTests */,
				0D93FC8227087D60009C56AC /* DefineLabsUITests */,
			);
		};
/* End PBXProject section */

/* Begin PBXResourcesBuildPhase section */
		0D93FC6027087D57009C56AC /* Resources */ = {
			isa = PBXResourcesBuildPhase;
			buildActionMask = 2147483647;
			files = (
				0D93FC7227087D5F009C56AC /* LaunchScreen.storyboard in Resources */,
				0D93FC6F27087D5F009C56AC /* Assets.xcassets in Resources */,
				0D93FC6D27087D57009C56AC /* Main.storyboard in Resources */,
			);
			runOnlyForDeploymentPostprocessing = 0;
		};
		0D93FC7627087D60009C56AC /* Resources */ = {
			isa = PBXResourcesBuildPhase;
			buildActionMask = 2147483647;
			files = (
			);
			runOnlyForDeploymentPostprocessing = 0;
		};
		0D93FC8127087D60009C56AC /* Resources */ = {
			isa = PBXResourcesBuildPhase;
			buildActionMask = 2147483647;
			files = (
			);
			runOnlyForDeploymentPostprocessing = 0;
		};
/* End PBXResourcesBuildPhase section */

/* Begin PBXSourcesBuildPhase section */
		0D93FC5E27087D57009C56AC /* Sources */ = {
			isa = PBXSourcesBuildPhase;
			buildActionMask = 2147483647;
			files = (
				0D93FC6A27087D57009C56AC /* ViewController.swift in Sources */,
				0D93FC6627087D57009C56AC /* AppDelegate.swift in Sources */,
				0D93FC6827087D57009C56AC /* SceneDelegate.swift in Sources */,
			);
			runOnlyForDeploymentPostprocessing = 0;
		};
		0D93FC7427087D60009C56AC /* Sources */ = {
			isa = PBXSourcesBuildPhase;
			buildActionMask = 2147483647;
			files = (
				0D93FC7D27087D60009C56AC /* DefineLabsTests.swift in Sources */,
			);
			runOnlyForDeploymentPostprocessing = 0;
		};
		0D93FC7F27087D60009C56AC /* Sources */ = {
			isa = PBXSourcesBuildPhase;
			buildActionMask = 2147483647;
			files = (
				0D93FC8827087D60009C56AC /* DefineLabsUITests.swift in Sources */,
			);
			runOnlyForDeploymentPostprocessing = 0;
		};
/* End PBXSourcesBuildPhase section */

/* Begin PBXTargetDependency section */
		0D93FC7A27087D60009C56AC /* PBXTargetDependency */ = {
			isa = PBXTargetDependency;
			target = 0D93FC6127087D57009C56AC /* DefineLabs */;
			targetProxy = 0D93FC7927087D60009C56AC /* PBXContainerItemProxy */;
		};
		0D93FC8527087D60009C56AC /* PBXTargetDependency */ = {
			isa = PBXTargetDependency;
			target = 0D93FC6127087D57009C56AC /* DefineLabs */;
			targetProxy = 0D93FC8427087D60009C56AC /* PBXContainerItemProxy */;
		};
/* End PBXTargetDependency section */

/* Begin PBXVariantGroup section */
		0D93FC6B27087D57009C56AC /* Main.storyboard */ = {
			isa = PBXVariantGroup;
			children = (
				0D93FC6C27087D57009C56AC /* Base */,
			);
			name = Main.storyboard;
			sourceTree = "<group>";
		};
		0D93FC7027087D5F009C56AC /* LaunchScreen.storyboard */ = {
			isa = PBXVariantGroup;
			children = (
				0D93FC7127087D5F009C56AC /* Base */,
			);
			name = LaunchScreen.storyboard;
			sourceTree = "<group>";
		};
/* End PBXVariantGroup section */

/* Begin XCBuildConfiguration section */
		0D93FC8A27087D60009C56AC /* Debug */ = {
			isa = XCBuildConfiguration;
			buildSettings = {
				ALWAYS_SEARCH_USER_PATHS = NO;
				CLANG_ANALYZER_NONNULL = YES;
				CLANG_ANALYZER_NUMBER_OBJECT_CONVERSION = YES_AGGRESSIVE;
				CLANG_CXX_LANGUAGE_STANDARD = "gnu++14";
				CLANG_CXX_LIBRARY = "libc++";
				CLANG_ENABLE_MODULES = YES;
				CLANG_ENABLE_OBJC_ARC = YES;
				CLANG_ENABLE_OBJC_WEAK = YES;
				CLANG_WARN_BLOCK_CAPTURE_AUTORELEASING = YES;
				CLANG_WARN_BOOL_CONVERSION = YES;
				CLANG_WARN_COMMA = YES;
				CLANG_WARN_CONSTANT_CONVERSION = YES;
				CLANG_WARN_DEPRECATED_OBJC_IMPLEMENTATIONS = YES;
				CLANG_WARN_DIRECT_OBJC_ISA_USAGE = YES_ERROR;
				CLANG_WARN_DOCUMENTATION_COMMENTS = YES;
				CLANG_WARN_EMPTY_BODY = YES;
				CLANG_WARN_ENUM_CONVERSION = YES;
				CLANG_WARN_INFINITE_RECURSION = YES;
				CLANG_WARN_INT_CONVERSION = YES;
				CLANG_WARN_NON_LITERAL_NULL_CONVERSION = YES;
				CLANG_WARN_OBJC_IMPLICIT_RETAIN_SELF = YES;
				CLANG_WARN_OBJC_LITERAL_CONVERSION = YES;
				CLANG_WARN_OBJC_ROOT_CLASS = YES_ERROR;
				CLANG_WARN_QUOTED_INCLUDE_IN_FRAMEWORK_HEADER = YES;
				CLANG_WARN_RANGE_LOOP_ANALYSIS = YES;
				CLANG_WARN_STRICT_PROTOTYPES = YES;
				CLANG_WARN_SUSPICIOUS_MOVE = YES;
				CLANG_WARN_UNGUARDED_AVAILABILITY = YES_AGGRESSIVE;
				CLANG_WARN_UNREACHABLE_CODE = YES;
				CLANG_WARN__DUPLICATE_METHOD_MATCH = YES;
				COPY_PHASE_STRIP = NO;
				DEBUG_INFORMATION_FORMAT = dwarf;
				ENABLE_STRICT_OBJC_MSGSEND = YES;
				ENABLE_TESTABILITY = YES;
				GCC_C_LANGUAGE_STANDARD = gnu11;
				GCC_DYNAMIC_NO_PIC = NO;
				GCC_NO_COMMON_BLOCKS = YES;
				GCC_OPTIMIZATION_LEVEL = 0;
				GCC_PREPROCESSOR_DEFINITIONS = (
					"DEBUG=1",
					"$(inherited)",
				);
				GCC_WARN_64_TO_32_BIT_CONVERSION = YES;
				GCC_WARN_ABOUT_RETURN_TYPE = YES_ERROR;
				GCC_WARN_UNDECLARED_SELECTOR = YES;
				GCC_WARN_UNINITIALIZED_AUTOS = YES_AGGRESSIVE;
				GCC_WARN_UNUSED_FUNCTION = YES;
				GCC_WARN_UNUSED_VARIABLE = YES;
				IPHONEOS_DEPLOYMENT_TARGET = 14.5;
				MTL_ENABLE_DEBUG_INFO = INCLUDE_SOURCE;
				MTL_FAST_MATH = YES;
				ONLY_ACTIVE_ARCH = YES;
				SDKROOT = iphoneos;
				SWIFT_ACTIVE_COMPILATION_CONDITIONS = DEBUG;
				SWIFT_OPTIMIZATION_LEVEL = "-Onone";
			};
			name = Debug;
		};
		0D93FC8B27087D60009C56AC /* Release */ = {
			isa = XCBuildConfiguration;
			buildSettings = {
				ALWAYS_SEARCH_USER_PATHS = NO;
				CLANG_ANALYZER_NONNULL = YES;
				CLANG_ANALYZER_NUMBER_OBJECT_CONVERSION = YES_AGGRESSIVE;
				CLANG_CXX_LANGUAGE_STANDARD = "gnu++14";
				CLANG_CXX_LIBRARY = "libc++";
				CLANG_ENABLE_MODULES = YES;
				CLANG_ENABLE_OBJC_ARC = YES;
				CLANG_ENABLE_OBJC_WEAK = YES;
				CLANG_WARN_BLOCK_CAPTURE_AUTORELEASING = YES;
				CLANG_WARN_BOOL_CONVERSION = YES;
				CLANG_WARN_COMMA = YES;
				CLANG_WARN_CONSTANT_CONVERSION = YES;
				CLANG_WARN_DEPRECATED_OBJC_IMPLEMENTATIONS = YES;
				CLANG_WARN_DIRECT_OBJC_ISA_USAGE = YES_ERROR;
				CLANG_WARN_DOCUMENTATION_COMMENTS = YES;
				CLANG_WARN_EMPTY_BODY = YES;
				CLANG_WARN_ENUM_CONVERSION = YES;
				CLANG_WARN_INFINITE_RECURSION = YES;
				CLANG_WARN_INT_CONVERSION = YES;
				CLANG_WARN_NON_LITERAL_NULL_CONVERSION = YES;
				CLANG_WARN_OBJC_IMPLICIT_RETAIN_SELF = YES;
				CLANG_WARN_OBJC_LITERAL_CONVERSION = YES;
				CLANG_WARN_OBJC_ROOT_CLASS = YES_ERROR;
				CLANG_WARN_QUOTED_INCLUDE_IN_FRAMEWORK_HEADER = YES;
				CLANG_WARN_RANGE_LOOP_ANALYSIS = YES;
				CLANG_WARN_STRICT_PROTOTYPES = YES;
				CLANG_WARN_SUSPICIOUS_MOVE = YES;
				CLANG_WARN_UNGUARDED_AVAILABILITY = YES_AGGRESSIVE;
				CLANG_WARN_UNREACHABLE_CODE = YES;
				CLANG_WARN__DUPLICATE_METHOD_MATCH = YES;
				COPY_PHASE_STRIP = NO;
				DEBUG_INFORMATION_FORMAT = "dwarf-with-dsym";
				ENABLE_NS_ASSERTIONS = NO;
				ENABLE_STRICT_OBJC_MSGSEND = YES;
				GCC_C_LANGUAGE_STANDARD = gnu11;
				GCC_NO_COMMON_BLOCKS = YES;
				GCC_WARN_64_TO_32_BIT_CONVERSION = YES;
				GCC_WARN_ABOUT_RETURN_TYPE = YES_ERROR;
				GCC_WARN_UNDECLARED_SELECTOR = YES;
				GCC_WARN_UNINITIALIZED_AUTOS = YES_AGGRESSIVE;
				GCC_WARN_UNUSED_FUNCTION = YES;
				GCC_WARN_UNUSED_VARIABLE = YES;
				IPHONEOS_DEPLOYMENT_TARGET = 14.5;
				MTL_ENABLE_DEBUG_INFO = NO;
				MTL_FAST_MATH = YES;
				SDKROOT = iphoneos;
				SWIFT_COMPILATION_MODE = wholemodule;
				SWIFT_OPTIMIZATION_LEVEL = "-O";
				VALIDATE_PRODUCT = YES;
			};
			name = Release;
		};
		0D93FC8D27087D60009C56AC /* Debug */ = {
			isa = XCBuildConfiguration;
			buildSettings = {
				ASSETCATALOG_COMPILER_APPICON_NAME = AppIcon;
				ASSETCATALOG_COMPILER_GLOBAL_ACCENT_COLOR_NAME = AccentColor;
				CODE_SIGN_STYLE = Automatic;
				DEVELOPMENT_TEAM = V6U7H4T5T2;
				INFOPLIST_FILE = DefineLabs/Info.plist;
				LD_RUNPATH_SEARCH_PATHS = (
					"$(inherited)",
					"@executable_path/Frameworks",
				);
				PRODUCT_BUNDLE_IDENTIFIER = kshitijbhosale.DefineLabs;
				PRODUCT_NAME = "$(TARGET_NAME)";
				SWIFT_VERSION = 5.0;
				TARGETED_DEVICE_FAMILY = "1,2";
			};
			name = Debug;
		};
		0D93FC8E27087D60009C56AC /* Release */ = {
			isa = XCBuildConfiguration;
			buildSettings = {
				ASSETCATALOG_COMPILER_APPICON_NAME = AppIcon;
				ASSETCATALOG_COMPILER_GLOBAL_ACCENT_COLOR_NAME = AccentColor;
				CODE_SIGN_STYLE = Automatic;
				DEVELOPMENT_TEAM = V6U7H4T5T2;
				INFOPLIST_FILE = DefineLabs/Info.plist;
				LD_RUNPATH_SEARCH_PATHS = (
					"$(inherited)",
					"@executable_path/Frameworks",
				);
				PRODUCT_BUNDLE_IDENTIFIER = kshitijbhosale.DefineLabs;
				PRODUCT_NAME = "$(TARGET_NAME)";
				SWIFT_VERSION = 5.0;
				TARGETED_DEVICE_FAMILY = "1,2";
			};
			name = Release;
		};
		0D93FC9027087D60009C56AC /* Debug */ = {
			isa = XCBuildConfiguration;
			buildSettings = {
				ALWAYS_EMBED_SWIFT_STANDARD_LIBRARIES = YES;
				BUNDLE_LOADER = "$(TEST_HOST)";
				CODE_SIGN_STYLE = Automatic;
				DEVELOPMENT_TEAM = V6U7H4T5T2;
				INFOPLIST_FILE = DefineLabsTests/Info.plist;
				IPHONEOS_DEPLOYMENT_TARGET = 14.5;
				LD_RUNPATH_SEARCH_PATHS = (
					"$(inherited)",
					"@executable_path/Frameworks",
					"@loader_path/Frameworks",
				);
				PRODUCT_BUNDLE_IDENTIFIER = kshitijbhosale.DefineLabsTests;
				PRODUCT_NAME = "$(TARGET_NAME)";
				SWIFT_VERSION = 5.0;
				TARGETED_DEVICE_FAMILY = "1,2";
				TEST_HOST = "$(BUILT_PRODUCTS_DIR)/DefineLabs.app/DefineLabs";
			};
			name = Debug;
		};
		0D93FC9127087D60009C56AC /* Release */ = {
			isa = XCBuildConfiguration;
			buildSettings = {
				ALWAYS_EMBED_SWIFT_STANDARD_LIBRARIES = YES;
				BUNDLE_LOADER = "$(TEST_HOST)";
				CODE_SIGN_STYLE = Automatic;
				DEVELOPMENT_TEAM = V6U7H4T5T2;
				INFOPLIST_FILE = DefineLabsTests/Info.plist;
				IPHONEOS_DEPLOYMENT_TARGET = 14.5;
				LD_RUNPATH_SEARCH_PATHS = (
					"$(inherited)",
					"@executable_path/Frameworks",
					"@loader_path/Frameworks",
				);
				PRODUCT_BUNDLE_IDENTIFIER = kshitijbhosale.DefineLabsTests;
				PRODUCT_NAME = "$(TARGET_NAME)";
				SWIFT_VERSION = 5.0;
				TARGETED_DEVICE_FAMILY = "1,2";
				TEST_HOST = "$(BUILT_PRODUCTS_DIR)/DefineLabs.app/DefineLabs";
			};
			name = Release;
		};
		0D93FC9327087D60009C56AC /* Debug */ = {
			isa = XCBuildConfiguration;
			buildSettings = {
				ALWAYS_EMBED_SWIFT_STANDARD_LIBRARIES = YES;
				CODE_SIGN_STYLE = Automatic;
				DEVELOPMENT_TEAM = V6U7H4T5T2;
				INFOPLIST_FILE = DefineLabsUITests/Info.plist;
				LD_RUNPATH_SEARCH_PATHS = (
					"$(inherited)",
					"@executable_path/Frameworks",
					"@loader_path/Frameworks",
				);
				PRODUCT_BUNDLE_IDENTIFIER = kshitijbhosale.DefineLabsUITests;
				PRODUCT_NAME = "$(TARGET_NAME)";
				SWIFT_VERSION = 5.0;
				TARGETED_DEVICE_FAMILY = "1,2";
				TEST_TARGET_NAME = DefineLabs;
			};
			name = Debug;
		};
		0D93FC9427087D60009C56AC /* Release */ = {
			isa = XCBuildConfiguration;
			buildSettings = {
				ALWAYS_EMBED_SWIFT_STANDARD_LIBRARIES = YES;
				CODE_SIGN_STYLE = Automatic;
				DEVELOPMENT_TEAM = V6U7H4T5T2;
				INFOPLIST_FILE = DefineLabsUITests/Info.plist;
				LD_RUNPATH_SEARCH_PATHS = (
					"$(inherited)",
					"@executable_path/Frameworks",
					"@loader_path/Frameworks",
				);
				PRODUCT_BUNDLE_IDENTIFIER = kshitijbhosale.DefineLabsUITests;
				PRODUCT_NAME = "$(TARGET_NAME)";
				SWIFT_VERSION = 5.0;
				TARGETED_DEVICE_FAMILY = "1,2";
				TEST_TARGET_NAME = DefineLabs;
			};
			name = Release;
		};
/* End XCBuildConfiguration section */

/* Begin XCConfigurationList section */
		0D93FC5D27087D57009C56AC /* Build configuration list for PBXProject "DefineLabs" */ = {
			isa = XCConfigurationList;
			buildConfigurations = (
				0D93FC8A27087D60009C56AC /* Debug */,
				0D93FC8B27087D60009C56AC /* Release */,
			);
			defaultConfigurationIsVisible = 0;
			defaultConfigurationName = Release;
		};
		0D93FC8C27087D60009C56AC /* Build configuration list for PBXNativeTarget "DefineLabs" */ = {
			isa = XCConfigurationList;
			buildConfigurations = (
				0D93FC8D27087D60009C56AC /* Debug */,
				0D93FC8E27087D60009C56AC /* Release */,
			);
			defaultConfigurationIsVisible = 0;
			defaultConfigurationName = Release;
		};
		0D93FC8F27087D60009C56AC /* Build configuration list for PBXNativeTarget "DefineLabsTests" */ = {
			isa = XCConfigurationList;
			buildConfigurations = (
				0D93FC9027087D60009C56AC /* Debug */,
				0D93FC9127087D60009C56AC /* Release */,
			);
			defaultConfigurationIsVisible = 0;
			defaultConfigurationName = Release;
		};
		0D93FC9227087D60009C56AC /* Build configuration list for PBXNativeTarget "DefineLabsUITests" */ = {
			isa = XCConfigurationList;
			buildConfigurations = (
				0D93FC9327087D60009C56AC /* Debug */,
				0D93FC9427087D60009C56AC /* Release */,
			);
			defaultConfigurationIsVisible = 0;
			defaultConfigurationName = Release;
		};
/* End XCConfigurationList section */
	};
	rootObject = 0D93FC5A27087D57009C56AC /* Project object */;
}
